
Microsoft Visual Studio Solution File, Format Version 12.00
# Visual Studio Version 17
VisualStudioVersion = 17.10.34928.147
MinimumVisualStudioVersion = 10.0.40219.1
Project("{FAE04EC0-301F-11D3-BF4B-00C04F79EFBC}") = "TheCurrentValueOfTheExchangeRate", "TheCurrentValueOfTheExchangeRate\TheCurrentValueOfTheExchangeRate.csproj", "{598CFEF4-D98D-4BE0-830A-FB66015568E2}"
EndProject
Global
	GlobalSection(SolutionConfigurationPlatforms) = preSolution
		Debug|Any CPU = Debug|Any CPU
		Release|Any CPU = Release|Any CPU
	EndGlobalSection
	GlobalSection(ProjectConfigurationPlatforms) = postSolution
		{598CFEF4-D98D-4BE0-830A-FB66015568E2}.Debug|Any CPU.ActiveCfg = Debug|Any CPU
		{598CFEF4-D98D-4BE0-830A-FB66015568E2}.Debug|Any CPU.Build.0 = Debug|Any CPU
		{598CFEF4-D98D-4BE0-830A-FB66015568E2}.Release|Any CPU.ActiveCfg = Release|Any CPU
		{598CFEF4-D98D-4BE0-830A-FB66015568E2}.Release|Any CPU.Build.0 = Release|Any CPU
	EndGlobalSection
	GlobalSection(SolutionProperties) = preSolution
		HideSolutionNode = FALSE
	EndGlobalSection
	GlobalSection(ExtensibilityGlobals) = postSolution
		SolutionGuid = {0FBD6C39-79FB-4C5E-A24F-0ECC2EFE07DD}
	EndGlobalSection
EndGlobal
